// !$*UTF8*$!
{
	archiveVersion = 1;
	classes = {
	};
	objectVersion = 46;
	objects = {

/* Begin PBXBuildFile section */
		CB2191021F0F7C8900E24BD8 /* Forecast.swift in Sources */ = {isa = PBXBuildFile; fileRef = CB2191011F0F7C8900E24BD8 /* Forecast.swift */; };
		CB2191041F0F8C5300E24BD8 /* WeatherCell.swift in Sources */ = {isa = PBXBuildFile; fileRef = CB2191031F0F8C5300E24BD8 /* WeatherCell.swift */; };
		CB2191061F0FB8B000E24BD8 /* Location.swift in Sources */ = {isa = PBXBuildFile; fileRef = CB2191051F0FB8B000E24BD8 /* Location.swift */; };
		CB506E921F0C258200192991 /* AppDelegate.swift in Sources */ = {isa = PBXBuildFile; fileRef = CB506E911F0C258200192991 /* AppDelegate.swift */; };
		CB506E941F0C258200192991 /* WeatherVC.swift in Sources */ = {isa = PBXBuildFile; fileRef = CB506E931F0C258200192991 /* WeatherVC.swift */; };
		CB506E971F0C258200192991 /* Main.storyboard in Resources */ = {isa = PBXBuildFile; fileRef = CB506E951F0C258200192991 /* Main.storyboard */; };
		CB506E991F0C258200192991 /* Assets.xcassets in Resources */ = {isa = PBXBuildFile; fileRef = CB506E981F0C258200192991 /* Assets.xcassets */; };
		CB506E9C1F0C258200192991 /* LaunchScreen.storyboard in Resources */ = {isa = PBXBuildFile; fileRef = CB506E9A1F0C258200192991 /* LaunchScreen.storyboard */; };
		CB506EA71F0C258200192991 /* rainyshinycloudyTests.swift in Sources */ = {isa = PBXBuildFile; fileRef = CB506EA61F0C258200192991 /* rainyshinycloudyTests.swift */; };
		CB506EB21F0C258200192991 /* rainyshinycloudyUITests.swift in Sources */ = {isa = PBXBuildFile; fileRef = CB506EB11F0C258200192991 /* rainyshinycloudyUITests.swift */; };
		CB609DAA1F0E4E740037CA33 /* Constants.swift in Sources */ = {isa = PBXBuildFile; fileRef = CB609DA91F0E4E740037CA33 /* Constants.swift */; };
		CB609DAF1F0E50A30037CA33 /* WeatherData.swift in Sources */ = {isa = PBXBuildFile; fileRef = CB609DAE1F0E50A30037CA33 /* WeatherData.swift */; };
		CB609DB11F0E85C50037CA33 /* WeatherView.swift in Sources */ = {isa = PBXBuildFile; fileRef = CB609DB01F0E85C50037CA33 /* WeatherView.swift */; };
		E39FAF46CCA4CA016CB3C5A6 /* Pods_rainyshinycloudy.framework in Frameworks */ = {isa = PBXBuildFile; fileRef = E76435C50133153681F09DF4 /* Pods_rainyshinycloudy.framework */; };
/* End PBXBuildFile section */

/* Begin PBXContainerItemProxy section */
		CB506EA31F0C258200192991 /* PBXContainerItemProxy */ = {
			isa = PBXContainerItemProxy;
			containerPortal = CB506E861F0C258200192991 /* Project object */;
			proxyType = 1;
			remoteGlobalIDString = CB506E8D1F0C258200192991;
			remoteInfo = rainyshinycloudy;
		};
		CB506EAE1F0C258200192991 /* PBXContainerItemProxy */ = {
			isa = PBXContainerItemProxy;
			containerPortal = CB506E861F0C258200192991 /* Project object */;
			proxyType = 1;
			remoteGlobalIDString = CB506E8D1F0C258200192991;
			remoteInfo = rainyshinycloudy;
		};
/* End PBXContainerItemProxy section */

/* Begin PBXFileReference section */
		0DC90580865113007614B50D /* Pods-rainyshinycloudy.release.xcconfig */ = {isa = PBXFileReference; includeInIndex = 1; lastKnownFileType = text.xcconfig; name = "Pods-rainyshinycloudy.release.xcconfig"; path = "Pods/Target Support Files/Pods-rainyshinycloudy/Pods-rainyshinycloudy.release.xcconfig"; sourceTree = "<group>"; };
		3FAC89396279D1B250C90E52 /* Pods-rainyshinycloudy.debug.xcconfig */ = {isa = PBXFileReference; includeInIndex = 1; lastKnownFileType = text.xcconfig; name = "Pods-rainyshinycloudy.debug.xcconfig"; path = "Pods/Target Support Files/Pods-rainyshinycloudy/Pods-rainyshinycloudy.debug.xcconfig"; sourceTree = "<group>"; };
		CB2191011F0F7C8900E24BD8 /* Forecast.swift */ = {isa = PBXFileReference; fileEncoding = 4; lastKnownFileType = sourcecode.swift; path = Forecast.swift; sourceTree = "<group>"; };
		CB2191031F0F8C5300E24BD8 /* WeatherCell.swift */ = {isa = PBXFileReference; fileEncoding = 4; lastKnownFileType = sourcecode.swift; path = WeatherCell.swift; sourceTree = "<group>"; };
		CB2191051F0FB8B000E24BD8 /* Location.swift */ = {isa = PBXFileReference; fileEncoding = 4; lastKnownFileType = sourcecode.swift; path = Location.swift; sourceTree = "<group>"; };
		CB506E8E1F0C258200192991 /* rainyshinycloudy.app */ = {isa = PBXFileReference; explicitFileType = wrapper.application; includeInIndex = 0; path = rainyshinycloudy.app; sourceTree = BUILT_PRODUCTS_DIR; };
		CB506E911F0C258200192991 /* AppDelegate.swift */ = {isa = PBXFileReference; lastKnownFileType = sourcecode.swift; path = AppDelegate.swift; sourceTree = "<group>"; };
		CB506E931F0C258200192991 /* WeatherVC.swift */ = {isa = PBXFileReference; lastKnownFileType = sourcecode.swift; path = WeatherVC.swift; sourceTree = "<group>"; };
		CB506E961F0C258200192991 /* Base */ = {isa = PBXFileReference; lastKnownFileType = file.storyboard; name = Base; path = Base.lproj/Main.storyboard; sourceTree = "<group>"; };
		CB506E981F0C258200192991 /* Assets.xcassets */ = {isa = PBXFileReference; lastKnownFileType = folder.assetcatalog; path = Assets.xcassets; sourceTree = "<group>"; };
		CB506E9B1F0C258200192991 /* Base */ = {isa = PBXFileReference; lastKnownFileType = file.storyboard; name = Base; path = Base.lproj/LaunchScreen.storyboard; sourceTree = "<group>"; };
		CB506E9D1F0C258200192991 /* Info.plist */ = {isa = PBXFileReference; lastKnownFileType = text.plist.xml; path = Info.plist; sourceTree = "<group>"; };
		CB506EA21F0C258200192991 /* rainyshinycloudyTests.xctest */ = {isa = PBXFileReference; explicitFileType = wrapper.cfbundle; includeInIndex = 0; path = rainyshinycloudyTests.xctest; sourceTree = BUILT_PRODUCTS_DIR; };
		CB506EA61F0C258200192991 /* rainyshinycloudyTests.swift */ = {isa = PBXFileReference; lastKnownFileType = sourcecode.swift; path = rainyshinycloudyTests.swift; sourceTree = "<group>"; };
		CB506EA81F0C258200192991 /* Info.plist */ = {isa = PBXFileReference; lastKnownFileType = text.plist.xml; path = Info.plist; sourceTree = "<group>"; };
		CB506EAD1F0C258200192991 /* rainyshinycloudyUITests.xctest */ = {isa = PBXFileReference; explicitFileType = wrapper.cfbundle; includeInIndex = 0; path = rainyshinycloudyUITests.xctest; sourceTree = BUILT_PRODUCTS_DIR; };
		CB506EB11F0C258200192991 /* rainyshinycloudyUITests.swift */ = {isa = PBXFileReference; lastKnownFileType = sourcecode.swift; path = rainyshinycloudyUITests.swift; sourceTree = "<group>"; };
		CB506EB31F0C258200192991 /* Info.plist */ = {isa = PBXFileReference; lastKnownFileType = text.plist.xml; path = Info.plist; sourceTree = "<group>"; };
		CB609DA91F0E4E740037CA33 /* Constants.swift */ = {isa = PBXFileReference; fileEncoding = 4; lastKnownFileType = sourcecode.swift; path = Constants.swift; sourceTree = "<group>"; };
		CB609DAE1F0E50A30037CA33 /* WeatherData.swift */ = {isa = PBXFileReference; fileEncoding = 4; lastKnownFileType = sourcecode.swift; path = WeatherData.swift; sourceTree = "<group>"; };
		CB609DB01F0E85C50037CA33 /* WeatherView.swift */ = {isa = PBXFileReference; fileEncoding = 4; lastKnownFileType = sourcecode.swift; path = WeatherView.swift; sourceTree = "<group>"; };
		E76435C50133153681F09DF4 /* Pods_rainyshinycloudy.framework */ = {isa = PBXFileReference; explicitFileType = wrapper.framework; includeInIndex = 0; path = Pods_rainyshinycloudy.framework; sourceTree = BUILT_PRODUCTS_DIR; };
/* End PBXFileReference section */

/* Begin PBXFrameworksBuildPhase section */
		CB506E8B1F0C258200192991 /* Frameworks */ = {
			isa = PBXFrameworksBuildPhase;
			buildActionMask = 2147483647;
			files = (
				E39FAF46CCA4CA016CB3C5A6 /* Pods_rainyshinycloudy.framework in Frameworks */,
			);
			runOnlyForDeploymentPostprocessing = 0;
		};
		CB506E9F1F0C258200192991 /* Frameworks */ = {
			isa = PBXFrameworksBuildPhase;
			buildActionMask = 2147483647;
			files = (
			);
			runOnlyForDeploymentPostprocessing = 0;
		};
		CB506EAA1F0C258200192991 /* Frameworks */ = {
			isa = PBXFrameworksBuildPhase;
			buildActionMask = 2147483647;
			files = (
			);
			runOnlyForDeploymentPostprocessing = 0;
		};
/* End PBXFrameworksBuildPhase section */

/* Begin PBXGroup section */
		498DA3539F7DE85FADC1A346 /* Frameworks */ = {
			isa = PBXGroup;
			children = (
				E76435C50133153681F09DF4 /* Pods_rainyshinycloudy.framework */,
			);
			name = Frameworks;
			sourceTree = "<group>";
		};
		CB506E851F0C258200192991 = {
			isa = PBXGroup;
			children = (
				CB506E901F0C258200192991 /* rainyshinycloudy */,
				CB506EA51F0C258200192991 /* rainyshinycloudyTests */,
				CB506EB01F0C258200192991 /* rainyshinycloudyUITests */,
				CB506E8F1F0C258200192991 /* Products */,
				E528EC4D578683B12A8DBACC /* Pods */,
				498DA3539F7DE85FADC1A346 /* Frameworks */,
			);
			sourceTree = "<group>";
		};
		CB506E8F1F0C258200192991 /* Products */ = {
			isa = PBXGroup;
			children = (
				CB506E8E1F0C258200192991 /* rainyshinycloudy.app */,
				CB506EA21F0C258200192991 /* rainyshinycloudyTests.xctest */,
				CB506EAD1F0C258200192991 /* rainyshinycloudyUITests.xctest */,
			);
			name = Products;
			sourceTree = "<group>";
		};
		CB506E901F0C258200192991 /* rainyshinycloudy */ = {
			isa = PBXGroup;
			children = (
				CB609DAD1F0E50960037CA33 /* Model */,
				CB609DAC1F0E50810037CA33 /* Controller */,
				CB609DAB1F0E4FDF0037CA33 /* View */,
				CB609DA81F0E4E480037CA33 /* Files */,
				CB506E911F0C258200192991 /* AppDelegate.swift */,
				CB506E951F0C258200192991 /* Main.storyboard */,
				CB506E981F0C258200192991 /* Assets.xcassets */,
				CB506E9A1F0C258200192991 /* LaunchScreen.storyboard */,
				CB506E9D1F0C258200192991 /* Info.plist */,
			);
			path = rainyshinycloudy;
			sourceTree = "<group>";
		};
		CB506EA51F0C258200192991 /* rainyshinycloudyTests */ = {
			isa = PBXGroup;
			children = (
				CB506EA61F0C258200192991 /* rainyshinycloudyTests.swift */,
				CB506EA81F0C258200192991 /* Info.plist */,
			);
			path = rainyshinycloudyTests;
			sourceTree = "<group>";
		};
		CB506EB01F0C258200192991 /* rainyshinycloudyUITests */ = {
			isa = PBXGroup;
			children = (
				CB506EB11F0C258200192991 /* rainyshinycloudyUITests.swift */,
				CB506EB31F0C258200192991 /* Info.plist */,
			);
			path = rainyshinycloudyUITests;
			sourceTree = "<group>";
		};
		CB609DA81F0E4E480037CA33 /* Files */ = {
			isa = PBXGroup;
			children = (
				CB609DA91F0E4E740037CA33 /* Constants.swift */,
			);
			name = Files;
			sourceTree = "<group>";
		};
		CB609DAB1F0E4FDF0037CA33 /* View */ = {
			isa = PBXGroup;
			children = (
				CB609DB01F0E85C50037CA33 /* WeatherView.swift */,
				CB2191031F0F8C5300E24BD8 /* WeatherCell.swift */,
			);
			name = View;
			sourceTree = "<group>";
		};
		CB609DAC1F0E50810037CA33 /* Controller */ = {
			isa = PBXGroup;
			children = (
				CB506E931F0C258200192991 /* WeatherVC.swift */,
			);
			name = Controller;
			sourceTree = "<group>";
		};
		CB609DAD1F0E50960037CA33 /* Model */ = {
			isa = PBXGroup;
			children = (
				CB609DAE1F0E50A30037CA33 /* WeatherData.swift */,
				CB2191011F0F7C8900E24BD8 /* Forecast.swift */,
				CB2191051F0FB8B000E24BD8 /* Location.swift */,
			);
			name = Model;
			sourceTree = "<group>";
		};
		E528EC4D578683B12A8DBACC /* Pods */ = {
			isa = PBXGroup;
			children = (
				3FAC89396279D1B250C90E52 /* Pods-rainyshinycloudy.debug.xcconfig */,
				0DC90580865113007614B50D /* Pods-rainyshinycloudy.release.xcconfig */,
			);
			name = Pods;
			sourceTree = "<group>";
		};
/* End PBXGroup section */

/* Begin PBXNativeTarget section */
		CB506E8D1F0C258200192991 /* rainyshinycloudy */ = {
			isa = PBXNativeTarget;
			buildConfigurationList = CB506EB61F0C258200192991 /* Build configuration list for PBXNativeTarget "rainyshinycloudy" */;
			buildPhases = (
				6A13876F9C09DD31A11F6B0D /* [CP] Check Pods Manifest.lock */,
				CB506E8A1F0C258200192991 /* Sources */,
				CB506E8B1F0C258200192991 /* Frameworks */,
				CB506E8C1F0C258200192991 /* Resources */,
				C4AA1324F9794DFE568C0B75 /* [CP] Embed Pods Frameworks */,
				CA78960D6E9F9828D9412A54 /* [CP] Copy Pods Resources */,
			);
			buildRules = (
			);
			dependencies = (
			);
			name = rainyshinycloudy;
			productName = rainyshinycloudy;
			productReference = CB506E8E1F0C258200192991 /* rainyshinycloudy.app */;
			productType = "com.apple.product-type.application";
		};
		CB506EA11F0C258200192991 /* rainyshinycloudyTests */ = {
			isa = PBXNativeTarget;
			buildConfigurationList = CB506EB91F0C258200192991 /* Build configuration list for PBXNativeTarget "rainyshinycloudyTests" */;
			buildPhases = (
				CB506E9E1F0C258200192991 /* Sources */,
				CB506E9F1F0C258200192991 /* Frameworks */,
				CB506EA01F0C258200192991 /* Resources */,
			);
			buildRules = (
			);
			dependencies = (
				CB506EA41F0C258200192991 /* PBXTargetDependency */,
			);
			name = rainyshinycloudyTests;
			productName = rainyshinycloudyTests;
			productReference = CB506EA21F0C258200192991 /* rainyshinycloudyTests.xctest */;
			productType = "com.apple.product-type.bundle.unit-test";
		};
		CB506EAC1F0C258200192991 /* rainyshinycloudyUITests */ = {
			isa = PBXNativeTarget;
			buildConfigurationList = CB506EBC1F0C258200192991 /* Build configuration list for PBXNativeTarget "rainyshinycloudyUITests" */;
			buildPhases = (
				CB506EA91F0C258200192991 /* Sources */,
				CB506EAA1F0C258200192991 /* Frameworks */,
				CB506EAB1F0C258200192991 /* Resources */,
			);
			buildRules = (
			);
			dependencies = (
				CB506EAF1F0C258200192991 /* PBXTargetDependency */,
			);
			name = rainyshinycloudyUITests;
			productName = rainyshinycloudyUITests;
			productReference = CB506EAD1F0C258200192991 /* rainyshinycloudyUITests.xctest */;
			productType = "com.apple.product-type.bundle.ui-testing";
		};
/* End PBXNativeTarget section */

/* Begin PBXProject section */
		CB506E861F0C258200192991 /* Project object */ = {
			isa = PBXProject;
			attributes = {
				LastSwiftUpdateCheck = 0830;
				LastUpgradeCheck = 0830;
				ORGANIZATIONNAME = "Tarek Sabry";
				TargetAttributes = {
					CB506E8D1F0C258200192991 = {
						CreatedOnToolsVersion = 8.3.2;
						DevelopmentTeam = 646SRFDPV4;
						ProvisioningStyle = Automatic;
					};
					CB506EA11F0C258200192991 = {
						CreatedOnToolsVersion = 8.3.2;
						ProvisioningStyle = Automatic;
						TestTargetID = CB506E8D1F0C258200192991;
					};
					CB506EAC1F0C258200192991 = {
						CreatedOnToolsVersion = 8.3.2;
						ProvisioningStyle = Automatic;
						TestTargetID = CB506E8D1F0C258200192991;
					};
				};
			};
			buildConfigurationList = CB506E891F0C258200192991 /* Build configuration list for PBXProject "rainyshinycloudy" */;
			compatibilityVersion = "Xcode 3.2";
			developmentRegion = English;
			hasScannedForEncodings = 0;
			knownRegions = (
				en,
				Base,
			);
			mainGroup = CB506E851F0C258200192991;
			productRefGroup = CB506E8F1F0C258200192991 /* Products */;
			projectDirPath = "";
			projectRoot = "";
			targets = (
				CB506E8D1F0C258200192991 /* rainyshinycloudy */,
				CB506EA11F0C258200192991 /* rainyshinycloudyTests */,
				CB506EAC1F0C258200192991 /* rainyshinycloudyUITests */,
			);
		};
/* End PBXProject section */

/* Begin PBXResourcesBuildPhase section */
		CB506E8C1F0C258200192991 /* Resources */ = {
			isa = PBXResourcesBuildPhase;
			buildActionMask = 2147483647;
			files = (
				CB506E9C1F0C258200192991 /* LaunchScreen.storyboard in Resources */,
				CB506E991F0C258200192991 /* Assets.xcassets in Resources */,
				CB506E971F0C258200192991 /* Main.storyboard in Resources */,
			);
			runOnlyForDeploymentPostprocessing = 0;
		};
		CB506EA01F0C258200192991 /* Resources */ = {
			isa = PBXResourcesBuildPhase;
			buildActionMask = 2147483647;
			files = (
			);
			runOnlyForDeploymentPostprocessing = 0;
		};
		CB506EAB1F0C258200192991 /* Resources */ = {
			isa = PBXResourcesBuildPhase;
			buildActionMask = 2147483647;
			files = (
			);
			runOnlyForDeploymentPostprocessing = 0;
		};
/* End PBXResourcesBuildPhase section */

/* Begin PBXShellScriptBuildPhase section */
		6A13876F9C09DD31A11F6B0D /* [CP] Check Pods Manifest.lock */ = {
			isa = PBXShellScriptBuildPhase;
			buildActionMask = 2147483647;
			files = (
			);
			inputPaths = (
			);
			name = "[CP] Check Pods Manifest.lock";
			outputPaths = (
			);
			runOnlyForDeploymentPostprocessing = 0;
			shellPath = /bin/sh;
			shellScript = "diff \"${PODS_PODFILE_DIR_PATH}/Podfile.lock\" \"${PODS_ROOT}/Manifest.lock\" > /dev/null\nif [ $? != 0 ] ; then\n    # print error to STDERR\n    echo \"error: The sandbox is not in sync with the Podfile.lock. Run 'pod install' or update your CocoaPods installation.\" >&2\n    exit 1\nfi\n";
			showEnvVarsInLog = 0;
		};
		C4AA1324F9794DFE568C0B75 /* [CP] Embed Pods Frameworks */ = {
			isa = PBXShellScriptBuildPhase;
			buildActionMask = 2147483647;
			files = (
			);
			inputPaths = (
			);
			name = "[CP] Embed Pods Frameworks";
			outputPaths = (
			);
			runOnlyForDeploymentPostprocessing = 0;
			shellPath = /bin/sh;
			shellScript = "\"${SRCROOT}/Pods/Target Support Files/Pods-rainyshinycloudy/Pods-rainyshinycloudy-frameworks.sh\"\n";
			showEnvVarsInLog = 0;
		};
		CA78960D6E9F9828D9412A54 /* [CP] Copy Pods Resources */ = {
			isa = PBXShellScriptBuildPhase;
			buildActionMask = 2147483647;
			files = (
			);
			inputPaths = (
			);
			name = "[CP] Copy Pods Resources";
			outputPaths = (
			);
			runOnlyForDeploymentPostprocessing = 0;
			shellPath = /bin/sh;
			shellScript = "\"${SRCROOT}/Pods/Target Support Files/Pods-rainyshinycloudy/Pods-rainyshinycloudy-resources.sh\"\n";
			showEnvVarsInLog = 0;
		};
/* End PBXShellScriptBuildPhase section */

/* Begin PBXSourcesBuildPhase section */
		CB506E8A1F0C258200192991 /* Sources */ = {
			isa = PBXSourcesBuildPhase;
			buildActionMask = 2147483647;
			files = (
				CB609DB11F0E85C50037CA33 /* WeatherView.swift in Sources */,
				CB506E941F0C258200192991 /* WeatherVC.swift in Sources */,
				CB2191061F0FB8B000E24BD8 /* Location.swift in Sources */,
				CB506E921F0C258200192991 /* AppDelegate.swift in Sources */,
				CB609DAF1F0E50A30037CA33 /* WeatherData.swift in Sources */,
				CB2191021F0F7C8900E24BD8 /* Forecast.swift in Sources */,
				CB609DAA1F0E4E740037CA33 /* Constants.swift in Sources */,
				CB2191041F0F8C5300E24BD8 /* WeatherCell.swift in Sources */,
			);
			runOnlyForDeploymentPostprocessing = 0;
		};
		CB506E9E1F0C258200192991 /* Sources */ = {
			isa = PBXSourcesBuildPhase;
			buildActionMask = 2147483647;
			files = (
				CB506EA71F0C258200192991 /* rainyshinycloudyTests.swift in Sources */,
			);
			runOnlyForDeploymentPostprocessing = 0;
		};
		CB506EA91F0C258200192991 /* Sources */ = {
			isa = PBXSourcesBuildPhase;
			buildActionMask = 2147483647;
			files = (
				CB506EB21F0C258200192991 /* rainyshinycloudyUITests.swift in Sources */,
			);
			runOnlyForDeploymentPostprocessing = 0;
		};
/* End PBXSourcesBuildPhase section */

/* Begin PBXTargetDependency section */
		CB506EA41F0C258200192991 /* PBXTargetDependency */ = {
			isa = PBXTargetDependency;
			target = CB506E8D1F0C258200192991 /* rainyshinycloudy */;
			targetProxy = CB506EA31F0C258200192991 /* PBXContainerItemProxy */;
		};
		CB506EAF1F0C258200192991 /* PBXTargetDependency */ = {
			isa = PBXTargetDependency;
			target = CB506E8D1F0C258200192991 /* rainyshinycloudy */;
			targetProxy = CB506EAE1F0C258200192991 /* PBXContainerItemProxy */;
		};
/* End PBXTargetDependency section */

/* Begin PBXVariantGroup section */
		CB506E951F0C258200192991 /* Main.storyboard */ = {
			isa = PBXVariantGroup;
			children = (
				CB506E961F0C258200192991 /* Base */,
			);
			name = Main.storyboard;
			sourceTree = "<group>";
		};
		CB506E9A1F0C258200192991 /* LaunchScreen.storyboard */ = {
			isa = PBXVariantGroup;
			children = (
				CB506E9B1F0C258200192991 /* Base */,
			);
			name = LaunchScreen.storyboard;
			sourceTree = "<group>";
		};
/* End PBXVariantGroup section */

/* Begin XCBuildConfiguration section */
		CB506EB41F0C258200192991 /* Debug */ = {
			isa = XCBuildConfiguration;
			buildSettings = {
				ALWAYS_SEARCH_USER_PATHS = NO;
				CLANG_ANALYZER_NONNULL = YES;
				CLANG_ANALYZER_NUMBER_OBJECT_CONVERSION = YES_AGGRESSIVE;
				CLANG_CXX_LANGUAGE_STANDARD = "gnu++0x";
				CLANG_CXX_LIBRARY = "libc++";
				CLANG_ENABLE_MODULES = YES;
				CLANG_ENABLE_OBJC_ARC = YES;
				CLANG_WARN_BOOL_CONVERSION = YES;
				CLANG_WARN_CONSTANT_CONVERSION = YES;
				CLANG_WARN_DIRECT_OBJC_ISA_USAGE = YES_ERROR;
				CLANG_WARN_DOCUMENTATION_COMMENTS = YES;
				CLANG_WARN_EMPTY_BODY = YES;
				CLANG_WARN_ENUM_CONVERSION = YES;
				CLANG_WARN_INFINITE_RECURSION = YES;
				CLANG_WARN_INT_CONVERSION = YES;
				CLANG_WARN_OBJC_ROOT_CLASS = YES_ERROR;
				CLANG_WARN_SUSPICIOUS_MOVE = YES;
				CLANG_WARN_UNREACHABLE_CODE = YES;
				CLANG_WARN__DUPLICATE_METHOD_MATCH = YES;
				"CODE_SIGN_IDENTITY[sdk=iphoneos*]" = "iPhone Developer";
				COPY_PHASE_STRIP = NO;
				DEBUG_INFORMATION_FORMAT = dwarf;
				ENABLE_STRICT_OBJC_MSGSEND = YES;
				ENABLE_TESTABILITY = YES;
				GCC_C_LANGUAGE_STANDARD = gnu99;
				GCC_DYNAMIC_NO_PIC = NO;
				GCC_NO_COMMON_BLOCKS = YES;
				GCC_OPTIMIZATION_LEVEL = 0;
				GCC_PREPROCESSOR_DEFINITIONS = (
					"DEBUG=1",
					"$(inherited)",
				);
				GCC_WARN_64_TO_32_BIT_CONVERSION = YES;
				GCC_WARN_ABOUT_RETURN_TYPE = YES_ERROR;
				GCC_WARN_UNDECLARED_SELECTOR = YES;
				GCC_WARN_UNINITIALIZED_AUTOS = YES_AGGRESSIVE;
				GCC_WARN_UNUSED_FUNCTION = YES;
				GCC_WARN_UNUSED_VARIABLE = YES;
				IPHONEOS_DEPLOYMENT_TARGET = 10.3;
				MTL_ENABLE_DEBUG_INFO = YES;
				ONLY_ACTIVE_ARCH = YES;
				SDKROOT = iphoneos;
				SWIFT_ACTIVE_COMPILATION_CONDITIONS = DEBUG;
				SWIFT_OPTIMIZATION_LEVEL = "-Onone";
				TARGETED_DEVICE_FAMILY = "1,2";
			};
			name = Debug;
		};
		CB506EB51F0C258200192991 /* Release */ = {
			isa = XCBuildConfiguration;
			buildSettings = {
				ALWAYS_SEARCH_USER_PATHS = NO;
				CLANG_ANALYZER_NONNULL = YES;
				CLANG_ANALYZER_NUMBER_OBJECT_CONVERSION = YES_AGGRESSIVE;
				CLANG_CXX_LANGUAGE_STANDARD = "gnu++0x";
				CLANG_CXX_LIBRARY = "libc++";
				CLANG_ENABLE_MODULES = YES;
				CLANG_ENABLE_OBJC_ARC = YES;
				CLANG_WARN_BOOL_CONVERSION = YES;
				CLANG_WARN_CONSTANT_CONVERSION = YES;
				CLANG_WARN_DIRECT_OBJC_ISA_USAGE = YES_ERROR;
				CLANG_WARN_DOCUMENTATION_COMMENTS = YES;
				CLANG_WARN_EMPTY_BODY = YES;
				CLANG_WARN_ENUM_CONVERSION = YES;
				CLANG_WARN_INFINITE_RECURSION = YES;
				CLANG_WARN_INT_CONVERSION = YES;
				CLANG_WARN_OBJC_ROOT_CLASS = YES_ERROR;
				CLANG_WARN_SUSPICIOUS_MOVE = YES;
				CLANG_WARN_UNREACHABLE_CODE = YES;
				CLANG_WARN__DUPLICATE_METHOD_MATCH = YES;
				"CODE_SIGN_IDENTITY[sdk=iphoneos*]" = "iPhone Developer";
				COPY_PHASE_STRIP = NO;
				DEBUG_INFORMATION_FORMAT = "dwarf-with-dsym";
				ENABLE_NS_ASSERTIONS = NO;
				ENABLE_STRICT_OBJC_MSGSEND = YES;
				GCC_C_LANGUAGE_STANDARD = gnu99;
				GCC_NO_COMMON_BLOCKS = YES;
				GCC_WARN_64_TO_32_BIT_CONVERSION = YES;
				GCC_WARN_ABOUT_RETURN_TYPE = YES_ERROR;
				GCC_WARN_UNDECLARED_SELECTOR = YES;
				GCC_WARN_UNINITIALIZED_AUTOS = YES_AGGRESSIVE;
				GCC_WARN_UNUSED_FUNCTION = YES;
				GCC_WARN_UNUSED_VARIABLE = YES;
				IPHONEOS_DEPLOYMENT_TARGET = 10.3;
				MTL_ENABLE_DEBUG_INFO = NO;
				SDKROOT = iphoneos;
				SWIFT_OPTIMIZATION_LEVEL = "-Owholemodule";
				TARGETED_DEVICE_FAMILY = "1,2";
				VALIDATE_PRODUCT = YES;
			};
			name = Release;
		};
		CB506EB71F0C258200192991 /* Debug */ = {
			isa = XCBuildConfiguration;
			baseConfigurationReference = 3FAC89396279D1B250C90E52 /* Pods-rainyshinycloudy.debug.xcconfig */;
			buildSettings = {
				ASSETCATALOG_COMPILER_APPICON_NAME = AppIcon;
				DEVELOPMENT_TEAM = 646SRFDPV4;
				INFOPLIST_FILE = rainyshinycloudy/Info.plist;
				LD_RUNPATH_SEARCH_PATHS = "$(inherited) @executable_path/Frameworks";
				PRODUCT_BUNDLE_IDENTIFIER = com.tarek.rainyshinycloudy;
				PRODUCT_NAME = "$(TARGET_NAME)";
				SWIFT_VERSION = 3.0;
			};
			name = Debug;
		};
		CB506EB81F0C258200192991 /* Release */ = {
			isa = XCBuildConfiguration;
			baseConfigurationReference = 0DC90580865113007614B50D /* Pods-rainyshinycloudy.release.xcconfig */;
			buildSettings = {
				ASSETCATALOG_COMPILER_APPICON_NAME = AppIcon;
				DEVELOPMENT_TEAM = 646SRFDPV4;
				INFOPLIST_FILE = rainyshinycloudy/Info.plist;
				LD_RUNPATH_SEARCH_PATHS = "$(inherited) @executable_path/Frameworks";
				PRODUCT_BUNDLE_IDENTIFIER = com.tarek.rainyshinycloudy;
				PRODUCT_NAME = "$(TARGET_NAME)";
				SWIFT_VERSION = 3.0;
			};
			name = Release;
		};
		CB506EBA1F0C258200192991 /* Debug */ = {
			isa = XCBuildConfiguration;
			buildSettings = {
				ALWAYS_EMBED_SWIFT_STANDARD_LIBRARIES = YES;
				BUNDLE_LOADER = "$(TEST_HOST)";
				INFOPLIST_FILE = rainyshinycloudyTests/Info.plist;
				LD_RUNPATH_SEARCH_PATHS = "$(inherited) @executable_path/Frameworks @loader_path/Frameworks";
				PRODUCT_BUNDLE_IDENTIFIER = com.tarek.rainyshinycloudyTests;
				PRODUCT_NAME = "$(TARGET_NAME)";
				SWIFT_VERSION = 3.0;
				TEST_HOST = "$(BUILT_PRODUCTS_DIR)/rainyshinycloudy.app/rainyshinycloudy";
			};
			name = Debug;
		};
		CB506EBB1F0C258200192991 /* Release */ = {
			isa = XCBuildConfiguration;
			buildSettings = {
				ALWAYS_EMBED_SWIFT_STANDARD_LIBRARIES = YES;
				BUNDLE_LOADER = "$(TEST_HOST)";
				INFOPLIST_FILE = rainyshinycloudyTests/Info.plist;
				LD_RUNPATH_SEARCH_PATHS = "$(inherited) @executable_path/Frameworks @loader_path/Frameworks";
				PRODUCT_BUNDLE_IDENTIFIER = com.tarek.rainyshinycloudyTests;
				PRODUCT_NAME = "$(TARGET_NAME)";
				SWIFT_VERSION = 3.0;
				TEST_HOST = "$(BUILT_PRODUCTS_DIR)/rainyshinycloudy.app/rainyshinycloudy";
			};
			name = Release;
		};
		CB506EBD1F0C258200192991 /* Debug */ = {
			isa = XCBuildConfiguration;
			buildSettings = {
				ALWAYS_EMBED_SWIFT_STANDARD_LIBRARIES = YES;
				INFOPLIST_FILE = rainyshinycloudyUITests/Info.plist;
				LD_RUNPATH_SEARCH_PATHS = "$(inherited) @executable_path/Frameworks @loader_path/Frameworks";
				PRODUCT_BUNDLE_IDENTIFIER = com.tarek.rainyshinycloudyUITests;
				PRODUCT_NAME = "$(TARGET_NAME)";
				SWIFT_VERSION = 3.0;
				TEST_TARGET_NAME = rainyshinycloudy;
			};
			name = Debug;
		};
		CB506EBE1F0C258200192991 /* Release */ = {
			isa = XCBuildConfiguration;
			buildSettings = {
				ALWAYS_EMBED_SWIFT_STANDARD_LIBRARIES = YES;
				INFOPLIST_FILE = rainyshinycloudyUITests/Info.plist;
				LD_RUNPATH_SEARCH_PATHS = "$(inherited) @executable_path/Frameworks @loader_path/Frameworks";
				PRODUCT_BUNDLE_IDENTIFIER = com.tarek.rainyshinycloudyUITests;
				PRODUCT_NAME = "$(TARGET_NAME)";
				SWIFT_VERSION = 3.0;
				TEST_TARGET_NAME = rainyshinycloudy;
			};
			name = Release;
		};
/* End XCBuildConfiguration section */

/* Begin XCConfigurationList section */
		CB506E891F0C258200192991 /* Build configuration list for PBXProject "rainyshinycloudy" */ = {
			isa = XCConfigurationList;
			buildConfigurations = (
				CB506EB41F0C258200192991 /* Debug */,
				CB506EB51F0C258200192991 /* Release */,
			);
			defaultConfigurationIsVisible = 0;
			defaultConfigurationName = Release;
		};
		CB506EB61F0C258200192991 /* Build configuration list for PBXNativeTarget "rainyshinycloudy" */ = {
			isa = XCConfigurationList;
			buildConfigurations = (
				CB506EB71F0C258200192991 /* Debug */,
				CB506EB81F0C258200192991 /* Release */,
			);
			defaultConfigurationIsVisible = 0;
			defaultConfigurationName = Release;
		};
		CB506EB91F0C258200192991 /* Build configuration list for PBXNativeTarget "rainyshinycloudyTests" */ = {
			isa = XCConfigurationList;
			buildConfigurations = (
				CB506EBA1F0C258200192991 /* Debug */,
				CB506EBB1F0C258200192991 /* Release */,
			);
			defaultConfigurationIsVisible = 0;
			defaultConfigurationName = Release;
		};
		CB506EBC1F0C258200192991 /* Build configuration list for PBXNativeTarget "rainyshinycloudyUITests" */ = {
			isa = XCConfigurationList;
			buildConfigurations = (
				CB506EBD1F0C258200192991 /* Debug */,
				CB506EBE1F0C258200192991 /* Release */,
			);
			defaultConfigurationIsVisible = 0;
			defaultConfigurationName = Release;
		};
/* End XCConfigurationList section */
	};
	rootObject = CB506E861F0C258200192991 /* Project object */;
}
